
Microsoft Visual Studio Solution File, Format Version 12.00
# Visual Studio Version 17
VisualStudioVersion = 17.3.32922.545
MinimumVisualStudioVersion = 10.0.40219.1
Project("{9A19103F-16F7-4668-BE54-9A1E7A4F7556}") = "IT-EComm", "IT-EComm\IT-EComm.csproj", "{6CF1B5B9-D1E4-4FDC-8195-3113D68F540E}"
EndProject
Project("{FAE04EC0-301F-11D3-BF4B-00C04F79EFBC}") = "IT-EComm_MVC", "IT-EComm_MVC\IT-EComm_MVC.csproj", "{8F84C487-6642-4684-9BD7-261D951B07C2}"
EndProject
Global
	GlobalSection(SolutionConfigurationPlatforms) = preSolution
		Debug|Any CPU = Debug|Any CPU
		Release|Any CPU = Release|Any CPU
	EndGlobalSection
	GlobalSection(ProjectConfigurationPlatforms) = postSolution
		{6CF1B5B9-D1E4-4FDC-8195-3113D68F540E}.Debug|Any CPU.ActiveCfg = Debug|Any CPU
		{6CF1B5B9-D1E4-4FDC-8195-3113D68F540E}.Debug|Any CPU.Build.0 = Debug|Any CPU
		{6CF1B5B9-D1E4-4FDC-8195-3113D68F540E}.Release|Any CPU.ActiveCfg = Release|Any CPU
		{6CF1B5B9-D1E4-4FDC-8195-3113D68F540E}.Release|Any CPU.Build.0 = Release|Any CPU
		{8F84C487-6642-4684-9BD7-261D951B07C2}.Debug|Any CPU.ActiveCfg = Debug|Any CPU
		{8F84C487-6642-4684-9BD7-261D951B07C2}.Debug|Any CPU.Build.0 = Debug|Any CPU
		{8F84C487-6642-4684-9BD7-261D951B07C2}.Release|Any CPU.ActiveCfg = Release|Any CPU
		{8F84C487-6642-4684-9BD7-261D951B07C2}.Release|Any CPU.Build.0 = Release|Any CPU
	EndGlobalSection
	GlobalSection(SolutionProperties) = preSolution
		HideSolutionNode = FALSE
	EndGlobalSection
	GlobalSection(ExtensibilityGlobals) = postSolution
		SolutionGuid = {45565D70-6145-44EA-97B9-CC618203D8E9}
	EndGlobalSection
EndGlobal
